// !$*UTF8*$!
{
	archiveVersion = 1;
	classes = {
	};
	objectVersion = 56;
	objects = {

/* Begin PBXBuildFile section */
		634C6D4E299BC82A00B4016A /* DispatcherView.xib in Resources */ = {isa = PBXBuildFile; fileRef = 634C6D4D299BC82A00B4016A /* DispatcherView.xib */; };
		63A6330D299BB2240084BB16 /* AppDelegate.swift in Sources */ = {isa = PBXBuildFile; fileRef = 63A6330C299BB2240084BB16 /* AppDelegate.swift */; };
		63A6330F299BB2240084BB16 /* SceneDelegate.swift in Sources */ = {isa = PBXBuildFile; fileRef = 63A6330E299BB2240084BB16 /* SceneDelegate.swift */; };
		63A63311299BB2240084BB16 /* ViewController.swift in Sources */ = {isa = PBXBuildFile; fileRef = 63A63310299BB2240084BB16 /* ViewController.swift */; };
		63A63314299BB2240084BB16 /* Main.storyboard in Resources */ = {isa = PBXBuildFile; fileRef = 63A63312299BB2240084BB16 /* Main.storyboard */; };
		63A63316299BB2260084BB16 /* Assets.xcassets in Resources */ = {isa = PBXBuildFile; fileRef = 63A63315299BB2260084BB16 /* Assets.xcassets */; };
		63A63319299BB2260084BB16 /* LaunchScreen.storyboard in Resources */ = {isa = PBXBuildFile; fileRef = 63A63317299BB2260084BB16 /* LaunchScreen.storyboard */; };
		63A63323299BB4390084BB16 /* DispatcherView.swift in Sources */ = {isa = PBXBuildFile; fileRef = 63A63322299BB4390084BB16 /* DispatcherView.swift */; };
		63A63325299BB5C70084BB16 /* CabinView.xib in Resources */ = {isa = PBXBuildFile; fileRef = 63A63324299BB5C70084BB16 /* CabinView.xib */; };
		63A63327299BB7320084BB16 /* CabinView.swift in Sources */ = {isa = PBXBuildFile; fileRef = 63A63326299BB7320084BB16 /* CabinView.swift */; };
		63A63329299BB7900084BB16 /* FloorView.xib in Resources */ = {isa = PBXBuildFile; fileRef = 63A63328299BB7900084BB16 /* FloorView.xib */; };
		63A6332C299BBA9C0084BB16 /* UIView+Extension.swift in Sources */ = {isa = PBXBuildFile; fileRef = 63A6332B299BBA9C0084BB16 /* UIView+Extension.swift */; };
		63A6332E299BBBC30084BB16 /* FloorView.swift in Sources */ = {isa = PBXBuildFile; fileRef = 63A6332D299BBBC30084BB16 /* FloorView.swift */; };
		63A63330299BBC2F0084BB16 /* ElevatorLogic.swift in Sources */ = {isa = PBXBuildFile; fileRef = 63A6332F299BBC2F0084BB16 /* ElevatorLogic.swift */; };
		63A63332299BBFBF0084BB16 /* CircleButton.swift in Sources */ = {isa = PBXBuildFile; fileRef = 63A63331299BBFBF0084BB16 /* CircleButton.swift */; };
/* End PBXBuildFile section */

/* Begin PBXFileReference section */
		634C6D4D299BC82A00B4016A /* DispatcherView.xib */ = {isa = PBXFileReference; fileEncoding = 4; lastKnownFileType = file.xib; path = DispatcherView.xib; sourceTree = "<group>"; };
		63A63309299BB2240084BB16 /* Elevator.app */ = {isa = PBXFileReference; explicitFileType = wrapper.application; includeInIndex = 0; path = Elevator.app; sourceTree = BUILT_PRODUCTS_DIR; };
		63A6330C299BB2240084BB16 /* AppDelegate.swift */ = {isa = PBXFileReference; lastKnownFileType = sourcecode.swift; path = AppDelegate.swift; sourceTree = "<group>"; };
		63A6330E299BB2240084BB16 /* SceneDelegate.swift */ = {isa = PBXFileReference; lastKnownFileType = sourcecode.swift; path = SceneDelegate.swift; sourceTree = "<group>"; };
		63A63310299BB2240084BB16 /* ViewController.swift */ = {isa = PBXFileReference; lastKnownFileType = sourcecode.swift; path = ViewController.swift; sourceTree = "<group>"; };
		63A63313299BB2240084BB16 /* Base */ = {isa = PBXFileReference; lastKnownFileType = file.storyboard; name = Base; path = Base.lproj/Main.storyboard; sourceTree = "<group>"; };
		63A63315299BB2260084BB16 /* Assets.xcassets */ = {isa = PBXFileReference; lastKnownFileType = folder.assetcatalog; path = Assets.xcassets; sourceTree = "<group>"; };
		63A63318299BB2260084BB16 /* Base */ = {isa = PBXFileReference; lastKnownFileType = file.storyboard; name = Base; path = Base.lproj/LaunchScreen.storyboard; sourceTree = "<group>"; };
		63A6331A299BB2260084BB16 /* Info.plist */ = {isa = PBXFileReference; lastKnownFileType = text.plist.xml; path = Info.plist; sourceTree = "<group>"; };
		63A63322299BB4390084BB16 /* DispatcherView.swift */ = {isa = PBXFileReference; lastKnownFileType = sourcecode.swift; path = DispatcherView.swift; sourceTree = "<group>"; };
		63A63324299BB5C70084BB16 /* CabinView.xib */ = {isa = PBXFileReference; lastKnownFileType = file.xib; path = CabinView.xib; sourceTree = "<group>"; };
		63A63326299BB7320084BB16 /* CabinView.swift */ = {isa = PBXFileReference; lastKnownFileType = sourcecode.swift; path = CabinView.swift; sourceTree = "<group>"; };
		63A63328299BB7900084BB16 /* FloorView.xib */ = {isa = PBXFileReference; lastKnownFileType = file.xib; path = FloorView.xib; sourceTree = "<group>"; };
		63A6332B299BBA9C0084BB16 /* UIView+Extension.swift */ = {isa = PBXFileReference; lastKnownFileType = sourcecode.swift; path = "UIView+Extension.swift"; sourceTree = "<group>"; };
		63A6332D299BBBC30084BB16 /* FloorView.swift */ = {isa = PBXFileReference; lastKnownFileType = sourcecode.swift; path = FloorView.swift; sourceTree = "<group>"; };
		63A6332F299BBC2F0084BB16 /* ElevatorLogic.swift */ = {isa = PBXFileReference; lastKnownFileType = sourcecode.swift; path = ElevatorLogic.swift; sourceTree = "<group>"; };
		63A63331299BBFBF0084BB16 /* CircleButton.swift */ = {isa = PBXFileReference; lastKnownFileType = sourcecode.swift; path = CircleButton.swift; sourceTree = "<group>"; };
/* End PBXFileReference section */

/* Begin PBXFrameworksBuildPhase section */
		63A63306299BB2240084BB16 /* Frameworks */ = {
			isa = PBXFrameworksBuildPhase;
			buildActionMask = 2147483647;
			files = (
			);
			runOnlyForDeploymentPostprocessing = 0;
		};
/* End PBXFrameworksBuildPhase section */

/* Begin PBXGroup section */
		634C6D4F299BC83100B4016A /* Floor */ = {
			isa = PBXGroup;
			children = (
				63A63328299BB7900084BB16 /* FloorView.xib */,
				63A6332D299BBBC30084BB16 /* FloorView.swift */,
			);
			path = Floor;
			sourceTree = "<group>";
		};
		63A63300299BB2240084BB16 = {
			isa = PBXGroup;
			children = (
				63A6330B299BB2240084BB16 /* Elevator */,
				63A6330A299BB2240084BB16 /* Products */,
			);
			sourceTree = "<group>";
		};
		63A6330A299BB2240084BB16 /* Products */ = {
			isa = PBXGroup;
			children = (
				63A63309299BB2240084BB16 /* Elevator.app */,
			);
			name = Products;
			sourceTree = "<group>";
		};
		63A6330B299BB2240084BB16 /* Elevator */ = {
			isa = PBXGroup;
			children = (
				63A6332A299BBA7D0084BB16 /* Helpers */,
				63A63333299BC0F30084BB16 /* Views */,
				63A6332F299BBC2F0084BB16 /* ElevatorLogic.swift */,
				63A63310299BB2240084BB16 /* ViewController.swift */,
				63A63312299BB2240084BB16 /* Main.storyboard */,
				63A6330C299BB2240084BB16 /* AppDelegate.swift */,
				63A6330E299BB2240084BB16 /* SceneDelegate.swift */,
				63A63315299BB2260084BB16 /* Assets.xcassets */,
				63A63317299BB2260084BB16 /* LaunchScreen.storyboard */,
				63A6331A299BB2260084BB16 /* Info.plist */,
			);
			path = Elevator;
			sourceTree = "<group>";
		};
		63A6332A299BBA7D0084BB16 /* Helpers */ = {
			isa = PBXGroup;
			children = (
				63A6332B299BBA9C0084BB16 /* UIView+Extension.swift */,
				63A63331299BBFBF0084BB16 /* CircleButton.swift */,
			);
			path = Helpers;
			sourceTree = "<group>";
		};
		63A63333299BC0F30084BB16 /* Views */ = {
			isa = PBXGroup;
			children = (
				634C6D4F299BC83100B4016A /* Floor */,
				63A63335299BC7D50084BB16 /* Dispatcher */,
				63A63334299BC0FE0084BB16 /* Cabin */,
			);
			path = Views;
			sourceTree = "<group>";
		};
		63A63334299BC0FE0084BB16 /* Cabin */ = {
			isa = PBXGroup;
			children = (
				63A63324299BB5C70084BB16 /* CabinView.xib */,
				63A63326299BB7320084BB16 /* CabinView.swift */,
			);
			path = Cabin;
			sourceTree = "<group>";
		};
		63A63335299BC7D50084BB16 /* Dispatcher */ = {
			isa = PBXGroup;
			children = (
				634C6D4D299BC82A00B4016A /* DispatcherView.xib */,
				63A63322299BB4390084BB16 /* DispatcherView.swift */,
			);
			path = Dispatcher;
			sourceTree = "<group>";
		};
/* End PBXGroup section */

/* Begin PBXNativeTarget section */
		63A63308299BB2240084BB16 /* Elevator */ = {
			isa = PBXNativeTarget;
			buildConfigurationList = 63A6331D299BB2260084BB16 /* Build configuration list for PBXNativeTarget "Elevator" */;
			buildPhases = (
				63A63305299BB2240084BB16 /* Sources */,
				63A63306299BB2240084BB16 /* Frameworks */,
				63A63307299BB2240084BB16 /* Resources */,
			);
			buildRules = (
			);
			dependencies = (
			);
			name = Elevator;
			productName = Elevator;
			productReference = 63A63309299BB2240084BB16 /* Elevator.app */;
			productType = "com.apple.product-type.application";
		};
/* End PBXNativeTarget section */

/* Begin PBXProject section */
		63A63301299BB2240084BB16 /* Project object */ = {
			isa = PBXProject;
			attributes = {
				BuildIndependentTargetsInParallel = 1;
				LastSwiftUpdateCheck = 1400;
				LastUpgradeCheck = 1400;
				TargetAttributes = {
					63A63308299BB2240084BB16 = {
						CreatedOnToolsVersion = 14.0.1;
					};
				};
			};
			buildConfigurationList = 63A63304299BB2240084BB16 /* Build configuration list for PBXProject "Elevator" */;
			compatibilityVersion = "Xcode 14.0";
			developmentRegion = en;
			hasScannedForEncodings = 0;
			knownRegions = (
				en,
				Base,
			);
			mainGroup = 63A63300299BB2240084BB16;
			productRefGroup = 63A6330A299BB2240084BB16 /* Products */;
			projectDirPath = "";
			projectRoot = "";
			targets = (
				63A63308299BB2240084BB16 /* Elevator */,
			);
		};
/* End PBXProject section */

/* Begin PBXResourcesBuildPhase section */
		63A63307299BB2240084BB16 /* Resources */ = {
			isa = PBXResourcesBuildPhase;
			buildActionMask = 2147483647;
			files = (
				63A63319299BB2260084BB16 /* LaunchScreen.storyboard in Resources */,
				63A63325299BB5C70084BB16 /* CabinView.xib in Resources */,
				63A63329299BB7900084BB16 /* FloorView.xib in Resources */,
				634C6D4E299BC82A00B4016A /* DispatcherView.xib in Resources */,
				63A63316299BB2260084BB16 /* Assets.xcassets in Resources */,
				63A63314299BB2240084BB16 /* Main.storyboard in Resources */,
			);
			runOnlyForDeploymentPostprocessing = 0;
		};
/* End PBXResourcesBuildPhase section */

/* Begin PBXSourcesBuildPhase section */
		63A63305299BB2240084BB16 /* Sources */ = {
			isa = PBXSourcesBuildPhase;
			buildActionMask = 2147483647;
			files = (
				63A6332C299BBA9C0084BB16 /* UIView+Extension.swift in Sources */,
				63A63311299BB2240084BB16 /* ViewController.swift in Sources */,
				63A63323299BB4390084BB16 /* DispatcherView.swift in Sources */,
				63A63332299BBFBF0084BB16 /* CircleButton.swift in Sources */,
				63A6330D299BB2240084BB16 /* AppDelegate.swift in Sources */,
				63A6330F299BB2240084BB16 /* SceneDelegate.swift in Sources */,
				63A6332E299BBBC30084BB16 /* FloorView.swift in Sources */,
				63A63330299BBC2F0084BB16 /* ElevatorLogic.swift in Sources */,
				63A63327299BB7320084BB16 /* CabinView.swift in Sources */,
			);
			runOnlyForDeploymentPostprocessing = 0;
		};
/* End PBXSourcesBuildPhase section */

/* Begin PBXVariantGroup section */
		63A63312299BB2240084BB16 /* Main.storyboard */ = {
			isa = PBXVariantGroup;
			children = (
				63A63313299BB2240084BB16 /* Base */,
			);
			name = Main.storyboard;
			sourceTree = "<group>";
		};
		63A63317299BB2260084BB16 /* LaunchScreen.storyboard */ = {
			isa = PBXVariantGroup;
			children = (
				63A63318299BB2260084BB16 /* Base */,
			);
			name = LaunchScreen.storyboard;
			sourceTree = "<group>";
		};
/* End PBXVariantGroup section */

/* Begin XCBuildConfiguration section */
		63A6331B299BB2260084BB16 /* Debug */ = {
			isa = XCBuildConfiguration;
			buildSettings = {
				ALWAYS_SEARCH_USER_PATHS = NO;
				CLANG_ANALYZER_NONNULL = YES;
				CLANG_ANALYZER_NUMBER_OBJECT_CONVERSION = YES_AGGRESSIVE;
				CLANG_CXX_LANGUAGE_STANDARD = "gnu++20";
				CLANG_ENABLE_MODULES = YES;
				CLANG_ENABLE_OBJC_ARC = YES;
				CLANG_ENABLE_OBJC_WEAK = YES;
				CLANG_WARN_BLOCK_CAPTURE_AUTORELEASING = YES;
				CLANG_WARN_BOOL_CONVERSION = YES;
				CLANG_WARN_COMMA = YES;
				CLANG_WARN_CONSTANT_CONVERSION = YES;
				CLANG_WARN_DEPRECATED_OBJC_IMPLEMENTATIONS = YES;
				CLANG_WARN_DIRECT_OBJC_ISA_USAGE = YES_ERROR;
				CLANG_WARN_DOCUMENTATION_COMMENTS = YES;
				CLANG_WARN_EMPTY_BODY = YES;
				CLANG_WARN_ENUM_CONVERSION = YES;
				CLANG_WARN_INFINITE_RECURSION = YES;
				CLANG_WARN_INT_CONVERSION = YES;
				CLANG_WARN_NON_LITERAL_NULL_CONVERSION = YES;
				CLANG_WARN_OBJC_IMPLICIT_RETAIN_SELF = YES;
				CLANG_WARN_OBJC_LITERAL_CONVERSION = YES;
				CLANG_WARN_OBJC_ROOT_CLASS = YES_ERROR;
				CLANG_WARN_QUOTED_INCLUDE_IN_FRAMEWORK_HEADER = YES;
				CLANG_WARN_RANGE_LOOP_ANALYSIS = YES;
				CLANG_WARN_STRICT_PROTOTYPES = YES;
				CLANG_WARN_SUSPICIOUS_MOVE = YES;
				CLANG_WARN_UNGUARDED_AVAILABILITY = YES_AGGRESSIVE;
				CLANG_WARN_UNREACHABLE_CODE = YES;
				CLANG_WARN__DUPLICATE_METHOD_MATCH = YES;
				COPY_PHASE_STRIP = NO;
				DEBUG_INFORMATION_FORMAT = dwarf;
				ENABLE_STRICT_OBJC_MSGSEND = YES;
				ENABLE_TESTABILITY = YES;
				GCC_C_LANGUAGE_STANDARD = gnu11;
				GCC_DYNAMIC_NO_PIC = NO;
				GCC_NO_COMMON_BLOCKS = YES;
				GCC_OPTIMIZATION_LEVEL = 0;
				GCC_PREPROCESSOR_DEFINITIONS = (
					"DEBUG=1",
					"$(inherited)",
				);
				GCC_WARN_64_TO_32_BIT_CONVERSION = YES;
				GCC_WARN_ABOUT_RETURN_TYPE = YES_ERROR;
				GCC_WARN_UNDECLARED_SELECTOR = YES;
				GCC_WARN_UNINITIALIZED_AUTOS = YES_AGGRESSIVE;
				GCC_WARN_UNUSED_FUNCTION = YES;
				GCC_WARN_UNUSED_VARIABLE = YES;
				IPHONEOS_DEPLOYMENT_TARGET = 16.0;
				MTL_ENABLE_DEBUG_INFO = INCLUDE_SOURCE;
				MTL_FAST_MATH = YES;
				ONLY_ACTIVE_ARCH = YES;
				SDKROOT = iphoneos;
				SWIFT_ACTIVE_COMPILATION_CONDITIONS = DEBUG;
				SWIFT_OPTIMIZATION_LEVEL = "-Onone";
			};
			name = Debug;
		};
		63A6331C299BB2260084BB16 /* Release */ = {
			isa = XCBuildConfiguration;
			buildSettings = {
				ALWAYS_SEARCH_USER_PATHS = NO;
				CLANG_ANALYZER_NONNULL = YES;
				CLANG_ANALYZER_NUMBER_OBJECT_CONVERSION = YES_AGGRESSIVE;
				CLANG_CXX_LANGUAGE_STANDARD = "gnu++20";
				CLANG_ENABLE_MODULES = YES;
				CLANG_ENABLE_OBJC_ARC = YES;
				CLANG_ENABLE_OBJC_WEAK = YES;
				CLANG_WARN_BLOCK_CAPTURE_AUTORELEASING = YES;
				CLANG_WARN_BOOL_CONVERSION = YES;
				CLANG_WARN_COMMA = YES;
				CLANG_WARN_CONSTANT_CONVERSION = YES;
				CLANG_WARN_DEPRECATED_OBJC_IMPLEMENTATIONS = YES;
				CLANG_WARN_DIRECT_OBJC_ISA_USAGE = YES_ERROR;
				CLANG_WARN_DOCUMENTATION_COMMENTS = YES;
				CLANG_WARN_EMPTY_BODY = YES;
				CLANG_WARN_ENUM_CONVERSION = YES;
				CLANG_WARN_INFINITE_RECURSION = YES;
				CLANG_WARN_INT_CONVERSION = YES;
				CLANG_WARN_NON_LITERAL_NULL_CONVERSION = YES;
				CLANG_WARN_OBJC_IMPLICIT_RETAIN_SELF = YES;
				CLANG_WARN_OBJC_LITERAL_CONVERSION = YES;
				CLANG_WARN_OBJC_ROOT_CLASS = YES_ERROR;
				CLANG_WARN_QUOTED_INCLUDE_IN_FRAMEWORK_HEADER = YES;
				CLANG_WARN_RANGE_LOOP_ANALYSIS = YES;
				CLANG_WARN_STRICT_PROTOTYPES = YES;
				CLANG_WARN_SUSPICIOUS_MOVE = YES;
				CLANG_WARN_UNGUARDED_AVAILABILITY = YES_AGGRESSIVE;
				CLANG_WARN_UNREACHABLE_CODE = YES;
				CLANG_WARN__DUPLICATE_METHOD_MATCH = YES;
				COPY_PHASE_STRIP = NO;
				DEBUG_INFORMATION_FORMAT = "dwarf-with-dsym";
				ENABLE_NS_ASSERTIONS = NO;
				ENABLE_STRICT_OBJC_MSGSEND = YES;
				GCC_C_LANGUAGE_STANDARD = gnu11;
				GCC_NO_COMMON_BLOCKS = YES;
				GCC_WARN_64_TO_32_BIT_CONVERSION = YES;
				GCC_WARN_ABOUT_RETURN_TYPE = YES_ERROR;
				GCC_WARN_UNDECLARED_SELECTOR = YES;
				GCC_WARN_UNINITIALIZED_AUTOS = YES_AGGRESSIVE;
				GCC_WARN_UNUSED_FUNCTION = YES;
				GCC_WARN_UNUSED_VARIABLE = YES;
				IPHONEOS_DEPLOYMENT_TARGET = 16.0;
				MTL_ENABLE_DEBUG_INFO = NO;
				MTL_FAST_MATH = YES;
				SDKROOT = iphoneos;
				SWIFT_COMPILATION_MODE = wholemodule;
				SWIFT_OPTIMIZATION_LEVEL = "-O";
				VALIDATE_PRODUCT = YES;
			};
			name = Release;
		};
		63A6331E299BB2260084BB16 /* Debug */ = {
			isa = XCBuildConfiguration;
			buildSettings = {
				ASSETCATALOG_COMPILER_APPICON_NAME = AppIcon;
				ASSETCATALOG_COMPILER_GLOBAL_ACCENT_COLOR_NAME = AccentColor;
				CODE_SIGN_STYLE = Automatic;
				CURRENT_PROJECT_VERSION = 1;
				GENERATE_INFOPLIST_FILE = YES;
				INFOPLIST_FILE = Elevator/Info.plist;
				INFOPLIST_KEY_UIApplicationSupportsIndirectInputEvents = YES;
				INFOPLIST_KEY_UILaunchStoryboardName = LaunchScreen;
				INFOPLIST_KEY_UIMainStoryboardFile = Main;
				INFOPLIST_KEY_UISupportedInterfaceOrientations_iPad = "UIInterfaceOrientationPortrait UIInterfaceOrientationPortraitUpsideDown UIInterfaceOrientationLandscapeLeft UIInterfaceOrientationLandscapeRight";
				INFOPLIST_KEY_UISupportedInterfaceOrientations_iPhone = "UIInterfaceOrientationPortrait UIInterfaceOrientationLandscapeLeft UIInterfaceOrientationLandscapeRight";
				LD_RUNPATH_SEARCH_PATHS = (
					"$(inherited)",
					"@executable_path/Frameworks",
				);
				MARKETING_VERSION = 1.0;
				PRODUCT_BUNDLE_IDENTIFIER = test.swiftui.Elevator;
				PRODUCT_NAME = "$(TARGET_NAME)";
				SUPPORTED_PLATFORMS = "iphoneos iphonesimulator";
				SUPPORTS_MACCATALYST = NO;
				SUPPORTS_MAC_DESIGNED_FOR_IPHONE_IPAD = NO;
				SWIFT_EMIT_LOC_STRINGS = YES;
				SWIFT_VERSION = 5.0;
				TARGETED_DEVICE_FAMILY = 2;
			};
			name = Debug;
		};
		63A6331F299BB2260084BB16 /* Release */ = {
			isa = XCBuildConfiguration;
			buildSettings = {
				ASSETCATALOG_COMPILER_APPICON_NAME = AppIcon;
				ASSETCATALOG_COMPILER_GLOBAL_ACCENT_COLOR_NAME = AccentColor;
				CODE_SIGN_STYLE = Automatic;
				CURRENT_PROJECT_VERSION = 1;
				GENERATE_INFOPLIST_FILE = YES;
				INFOPLIST_FILE = Elevator/Info.plist;
				INFOPLIST_KEY_UIApplicationSupportsIndirectInputEvents = YES;
				INFOPLIST_KEY_UILaunchStoryboardName = LaunchScreen;
				INFOPLIST_KEY_UIMainStoryboardFile = Main;
				INFOPLIST_KEY_UISupportedInterfaceOrientations_iPad = "UIInterfaceOrientationPortrait UIInterfaceOrientationPortraitUpsideDown UIInterfaceOrientationLandscapeLeft UIInterfaceOrientationLandscapeRight";
				INFOPLIST_KEY_UISupportedInterfaceOrientations_iPhone = "UIInterfaceOrientationPortrait UIInterfaceOrientationLandscapeLeft UIInterfaceOrientationLandscapeRight";
				LD_RUNPATH_SEARCH_PATHS = (
					"$(inherited)",
					"@executable_path/Frameworks",
				);
				MARKETING_VERSION = 1.0;
				PRODUCT_BUNDLE_IDENTIFIER = test.swiftui.Elevator;
				PRODUCT_NAME = "$(TARGET_NAME)";
				SUPPORTED_PLATFORMS = "iphoneos iphonesimulator";
				SUPPORTS_MACCATALYST = NO;
				SUPPORTS_MAC_DESIGNED_FOR_IPHONE_IPAD = NO;
				SWIFT_EMIT_LOC_STRINGS = YES;
				SWIFT_VERSION = 5.0;
				TARGETED_DEVICE_FAMILY = 2;
			};
			name = Release;
		};
/* End XCBuildConfiguration section */

/* Begin XCConfigurationList section */
		63A63304299BB2240084BB16 /* Build configuration list for PBXProject "Elevator" */ = {
			isa = XCConfigurationList;
			buildConfigurations = (
				63A6331B299BB2260084BB16 /* Debug */,
				63A6331C299BB2260084BB16 /* Release */,
			);
			defaultConfigurationIsVisible = 0;
			defaultConfigurationName = Release;
		};
		63A6331D299BB2260084BB16 /* Build configuration list for PBXNativeTarget "Elevator" */ = {
			isa = XCConfigurationList;
			buildConfigurations = (
				63A6331E299BB2260084BB16 /* Debug */,
				63A6331F299BB2260084BB16 /* Release */,
			);
			defaultConfigurationIsVisible = 0;
			defaultConfigurationName = Release;
		};
/* End XCConfigurationList section */
	};
	rootObject = 63A63301299BB2240084BB16 /* Project object */;
}
